// !$*UTF8*$!
{
	archiveVersion = 1;
	classes = {
	};
	objectVersion = 55;
	objects = {

/* Begin PBXBuildFile section */
		044CABA0CBD1EC5A13D44FBD /* Pods_Mytvapp.framework in Frameworks */ = {isa = PBXBuildFile; fileRef = 723FBDEF1E5051085B180AC0 /* Pods_Mytvapp.framework */; };
		0600EFA92E9F61B3B3F44A00 /* Pods_Mytvapp_MytvappUITests.framework in Frameworks */ = {isa = PBXBuildFile; fileRef = 1C3E83684362B39855436174 /* Pods_Mytvapp_MytvappUITests.framework */; };
		C2E4C91F39E46D53390BBF0F /* Pods_MytvappTests.framework in Frameworks */ = {isa = PBXBuildFile; fileRef = 8EA54F4A7EC39F57C85E0C70 /* Pods_MytvappTests.framework */; };
		D45F49132954E34600D4B4AF /* TvShowsCollectionViewController.swift in Sources */ = {isa = PBXBuildFile; fileRef = D45F49122954E34600D4B4AF /* TvShowsCollectionViewController.swift */; };
		D45F49162954E39A00D4B4AF /* CustomTvShowCollectionViewCell.swift in Sources */ = {isa = PBXBuildFile; fileRef = D45F49152954E39A00D4B4AF /* CustomTvShowCollectionViewCell.swift */; };
		D45F491A29555E3100D4B4AF /* Token.swift in Sources */ = {isa = PBXBuildFile; fileRef = D45F491929555E3100D4B4AF /* Token.swift */; };
		D45F491C29568BEA00D4B4AF /* ShowDetail.swift in Sources */ = {isa = PBXBuildFile; fileRef = D45F491B29568BEA00D4B4AF /* ShowDetail.swift */; };
		D45F491E2956A2E500D4B4AF /* TvShowDetailsViewController.swift in Sources */ = {isa = PBXBuildFile; fileRef = D45F491D2956A2E500D4B4AF /* TvShowDetailsViewController.swift */; };
		D45F49202956A6AA00D4B4AF /* CustomTvShowDetailsCollectionViewCell.swift in Sources */ = {isa = PBXBuildFile; fileRef = D45F491F2956A6AA00D4B4AF /* CustomTvShowDetailsCollectionViewCell.swift */; };
		D45F49222958FDEB00D4B4AF /* ImgTypes.swift in Sources */ = {isa = PBXBuildFile; fileRef = D45F49212958FDEB00D4B4AF /* ImgTypes.swift */; };
		D45F49242959018000D4B4AF /* Creators.swift in Sources */ = {isa = PBXBuildFile; fileRef = D45F49232959018000D4B4AF /* Creators.swift */; };
		D45F49272959045900D4B4AF /* Episodes.swift in Sources */ = {isa = PBXBuildFile; fileRef = D45F49262959045900D4B4AF /* Episodes.swift */; };
		D45F4929295934C500D4B4AF /* Credits.swift in Sources */ = {isa = PBXBuildFile; fileRef = D45F4928295934C500D4B4AF /* Credits.swift */; };
		D45F492B2959358300D4B4AF /* Cast.swift in Sources */ = {isa = PBXBuildFile; fileRef = D45F492A2959358300D4B4AF /* Cast.swift */; };
		D48261AE29520CB600F9DFAA /* AppDelegate.swift in Sources */ = {isa = PBXBuildFile; fileRef = D48261AD29520CB600F9DFAA /* AppDelegate.swift */; };
		D48261B029520CB600F9DFAA /* SceneDelegate.swift in Sources */ = {isa = PBXBuildFile; fileRef = D48261AF29520CB600F9DFAA /* SceneDelegate.swift */; };
		D48261B229520CB600F9DFAA /* ViewController.swift in Sources */ = {isa = PBXBuildFile; fileRef = D48261B129520CB600F9DFAA /* ViewController.swift */; };
		D48261B529520CB600F9DFAA /* Main.storyboard in Resources */ = {isa = PBXBuildFile; fileRef = D48261B329520CB600F9DFAA /* Main.storyboard */; };
		D48261B729520CB700F9DFAA /* Assets.xcassets in Resources */ = {isa = PBXBuildFile; fileRef = D48261B629520CB700F9DFAA /* Assets.xcassets */; };
		D48261BA29520CB700F9DFAA /* LaunchScreen.storyboard in Resources */ = {isa = PBXBuildFile; fileRef = D48261B829520CB700F9DFAA /* LaunchScreen.storyboard */; };
		D48261C529520CB700F9DFAA /* MytvappTests.swift in Sources */ = {isa = PBXBuildFile; fileRef = D48261C429520CB700F9DFAA /* MytvappTests.swift */; };
		D48261CF29520CB700F9DFAA /* MytvappUITests.swift in Sources */ = {isa = PBXBuildFile; fileRef = D48261CE29520CB700F9DFAA /* MytvappUITests.swift */; };
		D48261D129520CB700F9DFAA /* MytvappUITestsLaunchTests.swift in Sources */ = {isa = PBXBuildFile; fileRef = D48261D029520CB700F9DFAA /* MytvappUITestsLaunchTests.swift */; };
		D48261E12952114E00F9DFAA /* User.swift in Sources */ = {isa = PBXBuildFile; fileRef = D48261E02952114E00F9DFAA /* User.swift */; };
		D48261E42952159D00F9DFAA /* Helpers.swift in Sources */ = {isa = PBXBuildFile; fileRef = D48261E32952159D00F9DFAA /* Helpers.swift */; };
		D48261E629522B0600F9DFAA /* Session.swift in Sources */ = {isa = PBXBuildFile; fileRef = D48261E529522B0600F9DFAA /* Session.swift */; };
		D48261E92953688600F9DFAA /* Service.swift in Sources */ = {isa = PBXBuildFile; fileRef = D48261E82953688600F9DFAA /* Service.swift */; };
		D48261EB29536FA600F9DFAA /* Show.swift in Sources */ = {isa = PBXBuildFile; fileRef = D48261EA29536FA600F9DFAA /* Show.swift */; };
		D48261ED2953710300F9DFAA /* Shows.swift in Sources */ = {isa = PBXBuildFile; fileRef = D48261EC2953710300F9DFAA /* Shows.swift */; };
		D4D3430C295A942600283887 /* Connectivity.swift in Sources */ = {isa = PBXBuildFile; fileRef = D4D3430B295A942600283887 /* Connectivity.swift */; };
/* End PBXBuildFile section */

/* Begin PBXContainerItemProxy section */
		D48261C129520CB700F9DFAA /* PBXContainerItemProxy */ = {
			isa = PBXContainerItemProxy;
			containerPortal = D48261A229520CB600F9DFAA /* Project object */;
			proxyType = 1;
			remoteGlobalIDString = D48261A929520CB600F9DFAA;
			remoteInfo = Mytvapp;
		};
		D48261CB29520CB700F9DFAA /* PBXContainerItemProxy */ = {
			isa = PBXContainerItemProxy;
			containerPortal = D48261A229520CB600F9DFAA /* Project object */;
			proxyType = 1;
			remoteGlobalIDString = D48261A929520CB600F9DFAA;
			remoteInfo = Mytvapp;
		};
/* End PBXContainerItemProxy section */

/* Begin PBXFileReference section */
		042859EC3930B952805C9692 /* Pods-Mytvapp.debug.xcconfig */ = {isa = PBXFileReference; includeInIndex = 1; lastKnownFileType = text.xcconfig; name = "Pods-Mytvapp.debug.xcconfig"; path = "Target Support Files/Pods-Mytvapp/Pods-Mytvapp.debug.xcconfig"; sourceTree = "<group>"; };
		154B02E0D55070C81768D6FA /* Pods-MytvappTests.debug.xcconfig */ = {isa = PBXFileReference; includeInIndex = 1; lastKnownFileType = text.xcconfig; name = "Pods-MytvappTests.debug.xcconfig"; path = "Target Support Files/Pods-MytvappTests/Pods-MytvappTests.debug.xcconfig"; sourceTree = "<group>"; };
		1C3E83684362B39855436174 /* Pods_Mytvapp_MytvappUITests.framework */ = {isa = PBXFileReference; explicitFileType = wrapper.framework; includeInIndex = 0; path = Pods_Mytvapp_MytvappUITests.framework; sourceTree = BUILT_PRODUCTS_DIR; };
		559AA3ACCB7EC8734FD5DE9E /* Pods-Mytvapp-MytvappUITests.release.xcconfig */ = {isa = PBXFileReference; includeInIndex = 1; lastKnownFileType = text.xcconfig; name = "Pods-Mytvapp-MytvappUITests.release.xcconfig"; path = "Target Support Files/Pods-Mytvapp-MytvappUITests/Pods-Mytvapp-MytvappUITests.release.xcconfig"; sourceTree = "<group>"; };
		5B83CF18D9A70CB56643373A /* Pods-MytvappTests.release.xcconfig */ = {isa = PBXFileReference; includeInIndex = 1; lastKnownFileType = text.xcconfig; name = "Pods-MytvappTests.release.xcconfig"; path = "Target Support Files/Pods-MytvappTests/Pods-MytvappTests.release.xcconfig"; sourceTree = "<group>"; };
		723FBDEF1E5051085B180AC0 /* Pods_Mytvapp.framework */ = {isa = PBXFileReference; explicitFileType = wrapper.framework; includeInIndex = 0; path = Pods_Mytvapp.framework; sourceTree = BUILT_PRODUCTS_DIR; };
		8EA54F4A7EC39F57C85E0C70 /* Pods_MytvappTests.framework */ = {isa = PBXFileReference; explicitFileType = wrapper.framework; includeInIndex = 0; path = Pods_MytvappTests.framework; sourceTree = BUILT_PRODUCTS_DIR; };
		ADFA0886BB018DD0268381B5 /* Pods-Mytvapp-MytvappUITests.debug.xcconfig */ = {isa = PBXFileReference; includeInIndex = 1; lastKnownFileType = text.xcconfig; name = "Pods-Mytvapp-MytvappUITests.debug.xcconfig"; path = "Target Support Files/Pods-Mytvapp-MytvappUITests/Pods-Mytvapp-MytvappUITests.debug.xcconfig"; sourceTree = "<group>"; };
		C1171BFE7B29BD67B269D756 /* Pods-Mytvapp.release.xcconfig */ = {isa = PBXFileReference; includeInIndex = 1; lastKnownFileType = text.xcconfig; name = "Pods-Mytvapp.release.xcconfig"; path = "Target Support Files/Pods-Mytvapp/Pods-Mytvapp.release.xcconfig"; sourceTree = "<group>"; };
		D45F49122954E34600D4B4AF /* TvShowsCollectionViewController.swift */ = {isa = PBXFileReference; lastKnownFileType = sourcecode.swift; path = TvShowsCollectionViewController.swift; sourceTree = "<group>"; };
		D45F49152954E39A00D4B4AF /* CustomTvShowCollectionViewCell.swift */ = {isa = PBXFileReference; lastKnownFileType = sourcecode.swift; path = CustomTvShowCollectionViewCell.swift; sourceTree = "<group>"; };
		D45F491929555E3100D4B4AF /* Token.swift */ = {isa = PBXFileReference; lastKnownFileType = sourcecode.swift; path = Token.swift; sourceTree = "<group>"; };
		D45F491B29568BEA00D4B4AF /* ShowDetail.swift */ = {isa = PBXFileReference; lastKnownFileType = sourcecode.swift; path = ShowDetail.swift; sourceTree = "<group>"; };
		D45F491D2956A2E500D4B4AF /* TvShowDetailsViewController.swift */ = {isa = PBXFileReference; lastKnownFileType = sourcecode.swift; path = TvShowDetailsViewController.swift; sourceTree = "<group>"; };
		D45F491F2956A6AA00D4B4AF /* CustomTvShowDetailsCollectionViewCell.swift */ = {isa = PBXFileReference; lastKnownFileType = sourcecode.swift; path = CustomTvShowDetailsCollectionViewCell.swift; sourceTree = "<group>"; };
		D45F49212958FDEB00D4B4AF /* ImgTypes.swift */ = {isa = PBXFileReference; lastKnownFileType = sourcecode.swift; path = ImgTypes.swift; sourceTree = "<group>"; };
		D45F49232959018000D4B4AF /* Creators.swift */ = {isa = PBXFileReference; lastKnownFileType = sourcecode.swift; path = Creators.swift; sourceTree = "<group>"; };
		D45F49262959045900D4B4AF /* Episodes.swift */ = {isa = PBXFileReference; lastKnownFileType = sourcecode.swift; path = Episodes.swift; sourceTree = "<group>"; };
		D45F4928295934C500D4B4AF /* Credits.swift */ = {isa = PBXFileReference; lastKnownFileType = sourcecode.swift; path = Credits.swift; sourceTree = "<group>"; };
		D45F492A2959358300D4B4AF /* Cast.swift */ = {isa = PBXFileReference; lastKnownFileType = sourcecode.swift; path = Cast.swift; sourceTree = "<group>"; };
		D48261AA29520CB600F9DFAA /* Mytvapp.app */ = {isa = PBXFileReference; explicitFileType = wrapper.application; includeInIndex = 0; path = Mytvapp.app; sourceTree = BUILT_PRODUCTS_DIR; };
		D48261AD29520CB600F9DFAA /* AppDelegate.swift */ = {isa = PBXFileReference; lastKnownFileType = sourcecode.swift; path = AppDelegate.swift; sourceTree = "<group>"; };
		D48261AF29520CB600F9DFAA /* SceneDelegate.swift */ = {isa = PBXFileReference; lastKnownFileType = sourcecode.swift; path = SceneDelegate.swift; sourceTree = "<group>"; };
		D48261B129520CB600F9DFAA /* ViewController.swift */ = {isa = PBXFileReference; lastKnownFileType = sourcecode.swift; path = ViewController.swift; sourceTree = "<group>"; };
		D48261B429520CB600F9DFAA /* Base */ = {isa = PBXFileReference; lastKnownFileType = file.storyboard; name = Base; path = Base.lproj/Main.storyboard; sourceTree = "<group>"; };
		D48261B629520CB700F9DFAA /* Assets.xcassets */ = {isa = PBXFileReference; lastKnownFileType = folder.assetcatalog; path = Assets.xcassets; sourceTree = "<group>"; };
		D48261B929520CB700F9DFAA /* Base */ = {isa = PBXFileReference; lastKnownFileType = file.storyboard; name = Base; path = Base.lproj/LaunchScreen.storyboard; sourceTree = "<group>"; };
		D48261BB29520CB700F9DFAA /* Info.plist */ = {isa = PBXFileReference; lastKnownFileType = text.plist.xml; path = Info.plist; sourceTree = "<group>"; };
		D48261C029520CB700F9DFAA /* MytvappTests.xctest */ = {isa = PBXFileReference; explicitFileType = wrapper.cfbundle; includeInIndex = 0; path = MytvappTests.xctest; sourceTree = BUILT_PRODUCTS_DIR; };
		D48261C429520CB700F9DFAA /* MytvappTests.swift */ = {isa = PBXFileReference; lastKnownFileType = sourcecode.swift; path = MytvappTests.swift; sourceTree = "<group>"; };
		D48261CA29520CB700F9DFAA /* MytvappUITests.xctest */ = {isa = PBXFileReference; explicitFileType = wrapper.cfbundle; includeInIndex = 0; path = MytvappUITests.xctest; sourceTree = BUILT_PRODUCTS_DIR; };
		D48261CE29520CB700F9DFAA /* MytvappUITests.swift */ = {isa = PBXFileReference; lastKnownFileType = sourcecode.swift; path = MytvappUITests.swift; sourceTree = "<group>"; };
		D48261D029520CB700F9DFAA /* MytvappUITestsLaunchTests.swift */ = {isa = PBXFileReference; lastKnownFileType = sourcecode.swift; path = MytvappUITestsLaunchTests.swift; sourceTree = "<group>"; };
		D48261E02952114E00F9DFAA /* User.swift */ = {isa = PBXFileReference; lastKnownFileType = sourcecode.swift; path = User.swift; sourceTree = "<group>"; };
		D48261E32952159D00F9DFAA /* Helpers.swift */ = {isa = PBXFileReference; lastKnownFileType = sourcecode.swift; path = Helpers.swift; sourceTree = "<group>"; };
		D48261E529522B0600F9DFAA /* Session.swift */ = {isa = PBXFileReference; lastKnownFileType = sourcecode.swift; path = Session.swift; sourceTree = "<group>"; };
		D48261E82953688600F9DFAA /* Service.swift */ = {isa = PBXFileReference; lastKnownFileType = sourcecode.swift; path = Service.swift; sourceTree = "<group>"; };
		D48261EA29536FA600F9DFAA /* Show.swift */ = {isa = PBXFileReference; lastKnownFileType = sourcecode.swift; path = Show.swift; sourceTree = "<group>"; };
		D48261EC2953710300F9DFAA /* Shows.swift */ = {isa = PBXFileReference; lastKnownFileType = sourcecode.swift; path = Shows.swift; sourceTree = "<group>"; };
		D4D3430B295A942600283887 /* Connectivity.swift */ = {isa = PBXFileReference; lastKnownFileType = sourcecode.swift; path = Connectivity.swift; sourceTree = "<group>"; };
/* End PBXFileReference section */

/* Begin PBXFrameworksBuildPhase section */
		D48261A729520CB600F9DFAA /* Frameworks */ = {
			isa = PBXFrameworksBuildPhase;
			buildActionMask = 2147483647;
			files = (
				044CABA0CBD1EC5A13D44FBD /* Pods_Mytvapp.framework in Frameworks */,
			);
			runOnlyForDeploymentPostprocessing = 0;
		};
		D48261BD29520CB700F9DFAA /* Frameworks */ = {
			isa = PBXFrameworksBuildPhase;
			buildActionMask = 2147483647;
			files = (
				C2E4C91F39E46D53390BBF0F /* Pods_MytvappTests.framework in Frameworks */,
			);
			runOnlyForDeploymentPostprocessing = 0;
		};
		D48261C729520CB700F9DFAA /* Frameworks */ = {
			isa = PBXFrameworksBuildPhase;
			buildActionMask = 2147483647;
			files = (
				0600EFA92E9F61B3B3F44A00 /* Pods_Mytvapp_MytvappUITests.framework in Frameworks */,
			);
			runOnlyForDeploymentPostprocessing = 0;
		};
/* End PBXFrameworksBuildPhase section */

/* Begin PBXGroup section */
		4A4E3ADFD13F6C944313B6C3 /* Frameworks */ = {
			isa = PBXGroup;
			children = (
				723FBDEF1E5051085B180AC0 /* Pods_Mytvapp.framework */,
				1C3E83684362B39855436174 /* Pods_Mytvapp_MytvappUITests.framework */,
				8EA54F4A7EC39F57C85E0C70 /* Pods_MytvappTests.framework */,
			);
			name = Frameworks;
			sourceTree = "<group>";
		};
		D11E35A9AC24D644595057DC /* Pods */ = {
			isa = PBXGroup;
			children = (
				042859EC3930B952805C9692 /* Pods-Mytvapp.debug.xcconfig */,
				C1171BFE7B29BD67B269D756 /* Pods-Mytvapp.release.xcconfig */,
				ADFA0886BB018DD0268381B5 /* Pods-Mytvapp-MytvappUITests.debug.xcconfig */,
				559AA3ACCB7EC8734FD5DE9E /* Pods-Mytvapp-MytvappUITests.release.xcconfig */,
				154B02E0D55070C81768D6FA /* Pods-MytvappTests.debug.xcconfig */,
				5B83CF18D9A70CB56643373A /* Pods-MytvappTests.release.xcconfig */,
			);
			path = Pods;
			sourceTree = "<group>";
		};
		D45F49142954E37E00D4B4AF /* Cells */ = {
			isa = PBXGroup;
			children = (
				D45F49152954E39A00D4B4AF /* CustomTvShowCollectionViewCell.swift */,
				D45F491F2956A6AA00D4B4AF /* CustomTvShowDetailsCollectionViewCell.swift */,
			);
			path = Cells;
			sourceTree = "<group>";
		};
		D45F4925295901A300D4B4AF /* Enums */ = {
			isa = PBXGroup;
			children = (
				D45F49212958FDEB00D4B4AF /* ImgTypes.swift */,
			);
			path = Enums;
			sourceTree = "<group>";
		};
		D48261A129520CB600F9DFAA = {
			isa = PBXGroup;
			children = (
				D48261AC29520CB600F9DFAA /* Mytvapp */,
				D48261C329520CB700F9DFAA /* MytvappTests */,
				D48261CD29520CB700F9DFAA /* MytvappUITests */,
				D48261AB29520CB600F9DFAA /* Products */,
				D11E35A9AC24D644595057DC /* Pods */,
				4A4E3ADFD13F6C944313B6C3 /* Frameworks */,
			);
			sourceTree = "<group>";
		};
		D48261AB29520CB600F9DFAA /* Products */ = {
			isa = PBXGroup;
			children = (
				D48261AA29520CB600F9DFAA /* Mytvapp.app */,
				D48261C029520CB700F9DFAA /* MytvappTests.xctest */,
				D48261CA29520CB700F9DFAA /* MytvappUITests.xctest */,
			);
			name = Products;
			sourceTree = "<group>";
		};
		D48261AC29520CB600F9DFAA /* Mytvapp */ = {
			isa = PBXGroup;
			children = (
				D45F4925295901A300D4B4AF /* Enums */,
				D45F49142954E37E00D4B4AF /* Cells */,
				D48261E729522F7C00F9DFAA /* Services */,
				D48261E22952157800F9DFAA /* Helpers */,
				D48261DF2952112300F9DFAA /* Views */,
				D48261DE2952111E00F9DFAA /* Controllers */,
				D48261DD2952111800F9DFAA /* Models */,
				D48261AD29520CB600F9DFAA /* AppDelegate.swift */,
				D48261AF29520CB600F9DFAA /* SceneDelegate.swift */,
				D48261B629520CB700F9DFAA /* Assets.xcassets */,
				D48261B829520CB700F9DFAA /* LaunchScreen.storyboard */,
				D48261BB29520CB700F9DFAA /* Info.plist */,
			);
			path = Mytvapp;
			sourceTree = "<group>";
		};
		D48261C329520CB700F9DFAA /* MytvappTests */ = {
			isa = PBXGroup;
			children = (
				D48261C429520CB700F9DFAA /* MytvappTests.swift */,
			);
			path = MytvappTests;
			sourceTree = "<group>";
		};
		D48261CD29520CB700F9DFAA /* MytvappUITests */ = {
			isa = PBXGroup;
			children = (
				D48261CE29520CB700F9DFAA /* MytvappUITests.swift */,
				D48261D029520CB700F9DFAA /* MytvappUITestsLaunchTests.swift */,
			);
			path = MytvappUITests;
			sourceTree = "<group>";
		};
		D48261DD2952111800F9DFAA /* Models */ = {
			isa = PBXGroup;
			children = (
				D48261E02952114E00F9DFAA /* User.swift */,
				D48261EA29536FA600F9DFAA /* Show.swift */,
				D48261EC2953710300F9DFAA /* Shows.swift */,
				D45F491929555E3100D4B4AF /* Token.swift */,
				D45F491B29568BEA00D4B4AF /* ShowDetail.swift */,
				D45F49232959018000D4B4AF /* Creators.swift */,
				D45F49262959045900D4B4AF /* Episodes.swift */,
				D45F4928295934C500D4B4AF /* Credits.swift */,
				D45F492A2959358300D4B4AF /* Cast.swift */,
				D4D3430B295A942600283887 /* Connectivity.swift */,
			);
			path = Models;
			sourceTree = "<group>";
		};
		D48261DE2952111E00F9DFAA /* Controllers */ = {
			isa = PBXGroup;
			children = (
				D48261B129520CB600F9DFAA /* ViewController.swift */,
				D45F49122954E34600D4B4AF /* TvShowsCollectionViewController.swift */,
				D45F491D2956A2E500D4B4AF /* TvShowDetailsViewController.swift */,
			);
			path = Controllers;
			sourceTree = "<group>";
		};
		D48261DF2952112300F9DFAA /* Views */ = {
			isa = PBXGroup;
			children = (
				D48261B329520CB600F9DFAA /* Main.storyboard */,
			);
			path = Views;
			sourceTree = "<group>";
		};
		D48261E22952157800F9DFAA /* Helpers */ = {
			isa = PBXGroup;
			children = (
				D48261E32952159D00F9DFAA /* Helpers.swift */,
				D48261E529522B0600F9DFAA /* Session.swift */,
			);
			path = Helpers;
			sourceTree = "<group>";
		};
		D48261E729522F7C00F9DFAA /* Services */ = {
			isa = PBXGroup;
			children = (
				D48261E82953688600F9DFAA /* Service.swift */,
			);
			path = Services;
			sourceTree = "<group>";
		};
/* End PBXGroup section */

/* Begin PBXNativeTarget section */
		D48261A929520CB600F9DFAA /* Mytvapp */ = {
			isa = PBXNativeTarget;
			buildConfigurationList = D48261D429520CB700F9DFAA /* Build configuration list for PBXNativeTarget "Mytvapp" */;
			buildPhases = (
				BE1F1C1F41D76ED1DAAF4EDF /* [CP] Check Pods Manifest.lock */,
				D48261A629520CB600F9DFAA /* Sources */,
				D48261A729520CB600F9DFAA /* Frameworks */,
				D48261A829520CB600F9DFAA /* Resources */,
				E6F1771A1923EB3F434BEE3B /* [CP] Embed Pods Frameworks */,
			);
			buildRules = (
			);
			dependencies = (
			);
			name = Mytvapp;
			productName = Mytvapp;
			productReference = D48261AA29520CB600F9DFAA /* Mytvapp.app */;
			productType = "com.apple.product-type.application";
		};
		D48261BF29520CB700F9DFAA /* MytvappTests */ = {
			isa = PBXNativeTarget;
			buildConfigurationList = D48261D729520CB700F9DFAA /* Build configuration list for PBXNativeTarget "MytvappTests" */;
			buildPhases = (
				60C61FD148BB2B1177390124 /* [CP] Check Pods Manifest.lock */,
				D48261BC29520CB700F9DFAA /* Sources */,
				D48261BD29520CB700F9DFAA /* Frameworks */,
				D48261BE29520CB700F9DFAA /* Resources */,
			);
			buildRules = (
			);
			dependencies = (
				D48261C229520CB700F9DFAA /* PBXTargetDependency */,
			);
			name = MytvappTests;
			productName = MytvappTests;
			productReference = D48261C029520CB700F9DFAA /* MytvappTests.xctest */;
			productType = "com.apple.product-type.bundle.unit-test";
		};
		D48261C929520CB700F9DFAA /* MytvappUITests */ = {
			isa = PBXNativeTarget;
			buildConfigurationList = D48261DA29520CB700F9DFAA /* Build configuration list for PBXNativeTarget "MytvappUITests" */;
			buildPhases = (
				3CB99066A31405B89910F591 /* [CP] Check Pods Manifest.lock */,
				D48261C629520CB700F9DFAA /* Sources */,
				D48261C729520CB700F9DFAA /* Frameworks */,
				D48261C829520CB700F9DFAA /* Resources */,
				5EAAB95DD007697D6AB87D71 /* [CP] Embed Pods Frameworks */,
			);
			buildRules = (
			);
			dependencies = (
				D48261CC29520CB700F9DFAA /* PBXTargetDependency */,
			);
			name = MytvappUITests;
			productName = MytvappUITests;
			productReference = D48261CA29520CB700F9DFAA /* MytvappUITests.xctest */;
			productType = "com.apple.product-type.bundle.ui-testing";
		};
/* End PBXNativeTarget section */

/* Begin PBXProject section */
		D48261A229520CB600F9DFAA /* Project object */ = {
			isa = PBXProject;
			attributes = {
				BuildIndependentTargetsInParallel = 1;
				LastSwiftUpdateCheck = 1340;
				LastUpgradeCheck = 1340;
				TargetAttributes = {
					D48261A929520CB600F9DFAA = {
						CreatedOnToolsVersion = 13.4.1;
					};
					D48261BF29520CB700F9DFAA = {
						CreatedOnToolsVersion = 13.4.1;
						TestTargetID = D48261A929520CB600F9DFAA;
					};
					D48261C929520CB700F9DFAA = {
						CreatedOnToolsVersion = 13.4.1;
						TestTargetID = D48261A929520CB600F9DFAA;
					};
				};
			};
			buildConfigurationList = D48261A529520CB600F9DFAA /* Build configuration list for PBXProject "Mytvapp" */;
			compatibilityVersion = "Xcode 13.0";
			developmentRegion = en;
			hasScannedForEncodings = 0;
			knownRegions = (
				en,
				Base,
			);
			mainGroup = D48261A129520CB600F9DFAA;
			productRefGroup = D48261AB29520CB600F9DFAA /* Products */;
			projectDirPath = "";
			projectRoot = "";
			targets = (
				D48261A929520CB600F9DFAA /* Mytvapp */,
				D48261BF29520CB700F9DFAA /* MytvappTests */,
				D48261C929520CB700F9DFAA /* MytvappUITests */,
			);
		};
/* End PBXProject section */

/* Begin PBXResourcesBuildPhase section */
		D48261A829520CB600F9DFAA /* Resources */ = {
			isa = PBXResourcesBuildPhase;
			buildActionMask = 2147483647;
			files = (
				D48261BA29520CB700F9DFAA /* LaunchScreen.storyboard in Resources */,
				D48261B729520CB700F9DFAA /* Assets.xcassets in Resources */,
				D48261B529520CB600F9DFAA /* Main.storyboard in Resources */,
			);
			runOnlyForDeploymentPostprocessing = 0;
		};
		D48261BE29520CB700F9DFAA /* Resources */ = {
			isa = PBXResourcesBuildPhase;
			buildActionMask = 2147483647;
			files = (
			);
			runOnlyForDeploymentPostprocessing = 0;
		};
		D48261C829520CB700F9DFAA /* Resources */ = {
			isa = PBXResourcesBuildPhase;
			buildActionMask = 2147483647;
			files = (
			);
			runOnlyForDeploymentPostprocessing = 0;
		};
/* End PBXResourcesBuildPhase section */

/* Begin PBXShellScriptBuildPhase section */
		3CB99066A31405B89910F591 /* [CP] Check Pods Manifest.lock */ = {
			isa = PBXShellScriptBuildPhase;
			buildActionMask = 2147483647;
			files = (
			);
			inputFileListPaths = (
			);
			inputPaths = (
				"${PODS_PODFILE_DIR_PATH}/Podfile.lock",
				"${PODS_ROOT}/Manifest.lock",
			);
			name = "[CP] Check Pods Manifest.lock";
			outputFileListPaths = (
			);
			outputPaths = (
				"$(DERIVED_FILE_DIR)/Pods-Mytvapp-MytvappUITests-checkManifestLockResult.txt",
			);
			runOnlyForDeploymentPostprocessing = 0;
			shellPath = /bin/sh;
			shellScript = "diff \"${PODS_PODFILE_DIR_PATH}/Podfile.lock\" \"${PODS_ROOT}/Manifest.lock\" > /dev/null\nif [ $? != 0 ] ; then\n    # print error to STDERR\n    echo \"error: The sandbox is not in sync with the Podfile.lock. Run 'pod install' or update your CocoaPods installation.\" >&2\n    exit 1\nfi\n# This output is used by Xcode 'outputs' to avoid re-running this script phase.\necho \"SUCCESS\" > \"${SCRIPT_OUTPUT_FILE_0}\"\n";
			showEnvVarsInLog = 0;
		};
		5EAAB95DD007697D6AB87D71 /* [CP] Embed Pods Frameworks */ = {
			isa = PBXShellScriptBuildPhase;
			buildActionMask = 2147483647;
			files = (
			);
			inputFileListPaths = (
				"${PODS_ROOT}/Target Support Files/Pods-Mytvapp-MytvappUITests/Pods-Mytvapp-MytvappUITests-frameworks-${CONFIGURATION}-input-files.xcfilelist",
			);
			name = "[CP] Embed Pods Frameworks";
			outputFileListPaths = (
				"${PODS_ROOT}/Target Support Files/Pods-Mytvapp-MytvappUITests/Pods-Mytvapp-MytvappUITests-frameworks-${CONFIGURATION}-output-files.xcfilelist",
			);
			runOnlyForDeploymentPostprocessing = 0;
			shellPath = /bin/sh;
			shellScript = "\"${PODS_ROOT}/Target Support Files/Pods-Mytvapp-MytvappUITests/Pods-Mytvapp-MytvappUITests-frameworks.sh\"\n";
			showEnvVarsInLog = 0;
		};
		60C61FD148BB2B1177390124 /* [CP] Check Pods Manifest.lock */ = {
			isa = PBXShellScriptBuildPhase;
			buildActionMask = 2147483647;
			files = (
			);
			inputFileListPaths = (
			);
			inputPaths = (
				"${PODS_PODFILE_DIR_PATH}/Podfile.lock",
				"${PODS_ROOT}/Manifest.lock",
			);
			name = "[CP] Check Pods Manifest.lock";
			outputFileListPaths = (
			);
			outputPaths = (
				"$(DERIVED_FILE_DIR)/Pods-MytvappTests-checkManifestLockResult.txt",
			);
			runOnlyForDeploymentPostprocessing = 0;
			shellPath = /bin/sh;
			shellScript = "diff \"${PODS_PODFILE_DIR_PATH}/Podfile.lock\" \"${PODS_ROOT}/Manifest.lock\" > /dev/null\nif [ $? != 0 ] ; then\n    # print error to STDERR\n    echo \"error: The sandbox is not in sync with the Podfile.lock. Run 'pod install' or update your CocoaPods installation.\" >&2\n    exit 1\nfi\n# This output is used by Xcode 'outputs' to avoid re-running this script phase.\necho \"SUCCESS\" > \"${SCRIPT_OUTPUT_FILE_0}\"\n";
			showEnvVarsInLog = 0;
		};
		BE1F1C1F41D76ED1DAAF4EDF /* [CP] Check Pods Manifest.lock */ = {
			isa = PBXShellScriptBuildPhase;
			buildActionMask = 2147483647;
			files = (
			);
			inputFileListPaths = (
			);
			inputPaths = (
				"${PODS_PODFILE_DIR_PATH}/Podfile.lock",
				"${PODS_ROOT}/Manifest.lock",
			);
			name = "[CP] Check Pods Manifest.lock";
			outputFileListPaths = (
			);
			outputPaths = (
				"$(DERIVED_FILE_DIR)/Pods-Mytvapp-checkManifestLockResult.txt",
			);
			runOnlyForDeploymentPostprocessing = 0;
			shellPath = /bin/sh;
			shellScript = "diff \"${PODS_PODFILE_DIR_PATH}/Podfile.lock\" \"${PODS_ROOT}/Manifest.lock\" > /dev/null\nif [ $? != 0 ] ; then\n    # print error to STDERR\n    echo \"error: The sandbox is not in sync with the Podfile.lock. Run 'pod install' or update your CocoaPods installation.\" >&2\n    exit 1\nfi\n# This output is used by Xcode 'outputs' to avoid re-running this script phase.\necho \"SUCCESS\" > \"${SCRIPT_OUTPUT_FILE_0}\"\n";
			showEnvVarsInLog = 0;
		};
		E6F1771A1923EB3F434BEE3B /* [CP] Embed Pods Frameworks */ = {
			isa = PBXShellScriptBuildPhase;
			buildActionMask = 2147483647;
			files = (
			);
			inputFileListPaths = (
				"${PODS_ROOT}/Target Support Files/Pods-Mytvapp/Pods-Mytvapp-frameworks-${CONFIGURATION}-input-files.xcfilelist",
			);
			name = "[CP] Embed Pods Frameworks";
			outputFileListPaths = (
				"${PODS_ROOT}/Target Support Files/Pods-Mytvapp/Pods-Mytvapp-frameworks-${CONFIGURATION}-output-files.xcfilelist",
			);
			runOnlyForDeploymentPostprocessing = 0;
			shellPath = /bin/sh;
			shellScript = "\"${PODS_ROOT}/Target Support Files/Pods-Mytvapp/Pods-Mytvapp-frameworks.sh\"\n";
			showEnvVarsInLog = 0;
		};
/* End PBXShellScriptBuildPhase section */

/* Begin PBXSourcesBuildPhase section */
		D48261A629520CB600F9DFAA /* Sources */ = {
			isa = PBXSourcesBuildPhase;
			buildActionMask = 2147483647;
			files = (
				D45F4929295934C500D4B4AF /* Credits.swift in Sources */,
				D45F49202956A6AA00D4B4AF /* CustomTvShowDetailsCollectionViewCell.swift in Sources */,
				D48261E12952114E00F9DFAA /* User.swift in Sources */,
				D48261E92953688600F9DFAA /* Service.swift in Sources */,
				D45F49272959045900D4B4AF /* Episodes.swift in Sources */,
				D48261B229520CB600F9DFAA /* ViewController.swift in Sources */,
				D45F49132954E34600D4B4AF /* TvShowsCollectionViewController.swift in Sources */,
				D48261E629522B0600F9DFAA /* Session.swift in Sources */,
				D45F49162954E39A00D4B4AF /* CustomTvShowCollectionViewCell.swift in Sources */,
				D48261AE29520CB600F9DFAA /* AppDelegate.swift in Sources */,
				D48261ED2953710300F9DFAA /* Shows.swift in Sources */,
				D48261E42952159D00F9DFAA /* Helpers.swift in Sources */,
				D45F492B2959358300D4B4AF /* Cast.swift in Sources */,
				D48261EB29536FA600F9DFAA /* Show.swift in Sources */,
				D45F49222958FDEB00D4B4AF /* ImgTypes.swift in Sources */,
				D45F491E2956A2E500D4B4AF /* TvShowDetailsViewController.swift in Sources */,
				D45F491A29555E3100D4B4AF /* Token.swift in Sources */,
				D48261B029520CB600F9DFAA /* SceneDelegate.swift in Sources */,
				D45F491C29568BEA00D4B4AF /* ShowDetail.swift in Sources */,
				D45F49242959018000D4B4AF /* Creators.swift in Sources */,
				D4D3430C295A942600283887 /* Connectivity.swift in Sources */,
			);
			runOnlyForDeploymentPostprocessing = 0;
		};
		D48261BC29520CB700F9DFAA /* Sources */ = {
			isa = PBXSourcesBuildPhase;
			buildActionMask = 2147483647;
			files = (
				D48261C529520CB700F9DFAA /* MytvappTests.swift in Sources */,
			);
			runOnlyForDeploymentPostprocessing = 0;
		};
		D48261C629520CB700F9DFAA /* Sources */ = {
			isa = PBXSourcesBuildPhase;
			buildActionMask = 2147483647;
			files = (
				D48261D129520CB700F9DFAA /* MytvappUITestsLaunchTests.swift in Sources */,
				D48261CF29520CB700F9DFAA /* MytvappUITests.swift in Sources */,
			);
			runOnlyForDeploymentPostprocessing = 0;
		};
/* End PBXSourcesBuildPhase section */

/* Begin PBXTargetDependency section */
		D48261C229520CB700F9DFAA /* PBXTargetDependency */ = {
			isa = PBXTargetDependency;
			target = D48261A929520CB600F9DFAA /* Mytvapp */;
			targetProxy = D48261C129520CB700F9DFAA /* PBXContainerItemProxy */;
		};
		D48261CC29520CB700F9DFAA /* PBXTargetDependency */ = {
			isa = PBXTargetDependency;
			target = D48261A929520CB600F9DFAA /* Mytvapp */;
			targetProxy = D48261CB29520CB700F9DFAA /* PBXContainerItemProxy */;
		};
/* End PBXTargetDependency section */

/* Begin PBXVariantGroup section */
		D48261B329520CB600F9DFAA /* Main.storyboard */ = {
			isa = PBXVariantGroup;
			children = (
				D48261B429520CB600F9DFAA /* Base */,
			);
			name = Main.storyboard;
			sourceTree = "<group>";
		};
		D48261B829520CB700F9DFAA /* LaunchScreen.storyboard */ = {
			isa = PBXVariantGroup;
			children = (
				D48261B929520CB700F9DFAA /* Base */,
			);
			name = LaunchScreen.storyboard;
			sourceTree = "<group>";
		};
/* End PBXVariantGroup section */

/* Begin XCBuildConfiguration section */
		D48261D229520CB700F9DFAA /* Debug */ = {
			isa = XCBuildConfiguration;
			buildSettings = {
				ALWAYS_SEARCH_USER_PATHS = NO;
				CLANG_ANALYZER_NONNULL = YES;
				CLANG_ANALYZER_NUMBER_OBJECT_CONVERSION = YES_AGGRESSIVE;
				CLANG_CXX_LANGUAGE_STANDARD = "gnu++17";
				CLANG_ENABLE_MODULES = YES;
				CLANG_ENABLE_OBJC_ARC = YES;
				CLANG_ENABLE_OBJC_WEAK = YES;
				CLANG_WARN_BLOCK_CAPTURE_AUTORELEASING = YES;
				CLANG_WARN_BOOL_CONVERSION = YES;
				CLANG_WARN_COMMA = YES;
				CLANG_WARN_CONSTANT_CONVERSION = YES;
				CLANG_WARN_DEPRECATED_OBJC_IMPLEMENTATIONS = YES;
				CLANG_WARN_DIRECT_OBJC_ISA_USAGE = YES_ERROR;
				CLANG_WARN_DOCUMENTATION_COMMENTS = YES;
				CLANG_WARN_EMPTY_BODY = YES;
				CLANG_WARN_ENUM_CONVERSION = YES;
				CLANG_WARN_INFINITE_RECURSION = YES;
				CLANG_WARN_INT_CONVERSION = YES;
				CLANG_WARN_NON_LITERAL_NULL_CONVERSION = YES;
				CLANG_WARN_OBJC_IMPLICIT_RETAIN_SELF = YES;
				CLANG_WARN_OBJC_LITERAL_CONVERSION = YES;
				CLANG_WARN_OBJC_ROOT_CLASS = YES_ERROR;
				CLANG_WARN_QUOTED_INCLUDE_IN_FRAMEWORK_HEADER = YES;
				CLANG_WARN_RANGE_LOOP_ANALYSIS = YES;
				CLANG_WARN_STRICT_PROTOTYPES = YES;
				CLANG_WARN_SUSPICIOUS_MOVE = YES;
				CLANG_WARN_UNGUARDED_AVAILABILITY = YES_AGGRESSIVE;
				CLANG_WARN_UNREACHABLE_CODE = YES;
				CLANG_WARN__DUPLICATE_METHOD_MATCH = YES;
				COPY_PHASE_STRIP = NO;
				DEBUG_INFORMATION_FORMAT = dwarf;
				ENABLE_STRICT_OBJC_MSGSEND = YES;
				ENABLE_TESTABILITY = YES;
				GCC_C_LANGUAGE_STANDARD = gnu11;
				GCC_DYNAMIC_NO_PIC = NO;
				GCC_NO_COMMON_BLOCKS = YES;
				GCC_OPTIMIZATION_LEVEL = 0;
				GCC_PREPROCESSOR_DEFINITIONS = (
					"DEBUG=1",
					"$(inherited)",
				);
				GCC_WARN_64_TO_32_BIT_CONVERSION = YES;
				GCC_WARN_ABOUT_RETURN_TYPE = YES_ERROR;
				GCC_WARN_UNDECLARED_SELECTOR = YES;
				GCC_WARN_UNINITIALIZED_AUTOS = YES_AGGRESSIVE;
				GCC_WARN_UNUSED_FUNCTION = YES;
				GCC_WARN_UNUSED_VARIABLE = YES;
				IPHONEOS_DEPLOYMENT_TARGET = 15.5;
				MTL_ENABLE_DEBUG_INFO = INCLUDE_SOURCE;
				MTL_FAST_MATH = YES;
				ONLY_ACTIVE_ARCH = YES;
				SDKROOT = iphoneos;
				SWIFT_ACTIVE_COMPILATION_CONDITIONS = DEBUG;
				SWIFT_OPTIMIZATION_LEVEL = "-Onone";
			};
			name = Debug;
		};
		D48261D329520CB700F9DFAA /* Release */ = {
			isa = XCBuildConfiguration;
			buildSettings = {
				ALWAYS_SEARCH_USER_PATHS = NO;
				CLANG_ANALYZER_NONNULL = YES;
				CLANG_ANALYZER_NUMBER_OBJECT_CONVERSION = YES_AGGRESSIVE;
				CLANG_CXX_LANGUAGE_STANDARD = "gnu++17";
				CLANG_ENABLE_MODULES = YES;
				CLANG_ENABLE_OBJC_ARC = YES;
				CLANG_ENABLE_OBJC_WEAK = YES;
				CLANG_WARN_BLOCK_CAPTURE_AUTORELEASING = YES;
				CLANG_WARN_BOOL_CONVERSION = YES;
				CLANG_WARN_COMMA = YES;
				CLANG_WARN_CONSTANT_CONVERSION = YES;
				CLANG_WARN_DEPRECATED_OBJC_IMPLEMENTATIONS = YES;
				CLANG_WARN_DIRECT_OBJC_ISA_USAGE = YES_ERROR;
				CLANG_WARN_DOCUMENTATION_COMMENTS = YES;
				CLANG_WARN_EMPTY_BODY = YES;
				CLANG_WARN_ENUM_CONVERSION = YES;
				CLANG_WARN_INFINITE_RECURSION = YES;
				CLANG_WARN_INT_CONVERSION = YES;
				CLANG_WARN_NON_LITERAL_NULL_CONVERSION = YES;
				CLANG_WARN_OBJC_IMPLICIT_RETAIN_SELF = YES;
				CLANG_WARN_OBJC_LITERAL_CONVERSION = YES;
				CLANG_WARN_OBJC_ROOT_CLASS = YES_ERROR;
				CLANG_WARN_QUOTED_INCLUDE_IN_FRAMEWORK_HEADER = YES;
				CLANG_WARN_RANGE_LOOP_ANALYSIS = YES;
				CLANG_WARN_STRICT_PROTOTYPES = YES;
				CLANG_WARN_SUSPICIOUS_MOVE = YES;
				CLANG_WARN_UNGUARDED_AVAILABILITY = YES_AGGRESSIVE;
				CLANG_WARN_UNREACHABLE_CODE = YES;
				CLANG_WARN__DUPLICATE_METHOD_MATCH = YES;
				COPY_PHASE_STRIP = NO;
				DEBUG_INFORMATION_FORMAT = "dwarf-with-dsym";
				ENABLE_NS_ASSERTIONS = NO;
				ENABLE_STRICT_OBJC_MSGSEND = YES;
				GCC_C_LANGUAGE_STANDARD = gnu11;
				GCC_NO_COMMON_BLOCKS = YES;
				GCC_WARN_64_TO_32_BIT_CONVERSION = YES;
				GCC_WARN_ABOUT_RETURN_TYPE = YES_ERROR;
				GCC_WARN_UNDECLARED_SELECTOR = YES;
				GCC_WARN_UNINITIALIZED_AUTOS = YES_AGGRESSIVE;
				GCC_WARN_UNUSED_FUNCTION = YES;
				GCC_WARN_UNUSED_VARIABLE = YES;
				IPHONEOS_DEPLOYMENT_TARGET = 15.5;
				MTL_ENABLE_DEBUG_INFO = NO;
				MTL_FAST_MATH = YES;
				SDKROOT = iphoneos;
				SWIFT_COMPILATION_MODE = wholemodule;
				SWIFT_OPTIMIZATION_LEVEL = "-O";
				VALIDATE_PRODUCT = YES;
			};
			name = Release;
		};
		D48261D529520CB700F9DFAA /* Debug */ = {
			isa = XCBuildConfiguration;
			baseConfigurationReference = 042859EC3930B952805C9692 /* Pods-Mytvapp.debug.xcconfig */;
			buildSettings = {
				ASSETCATALOG_COMPILER_APPICON_NAME = AppIcon;
				ASSETCATALOG_COMPILER_GLOBAL_ACCENT_COLOR_NAME = AccentColor;
				CODE_SIGN_STYLE = Automatic;
				CURRENT_PROJECT_VERSION = 1;
				DEVELOPMENT_TEAM = 297E733UYC;
				GENERATE_INFOPLIST_FILE = YES;
				INFOPLIST_FILE = Mytvapp/Info.plist;
				INFOPLIST_KEY_UIApplicationSupportsIndirectInputEvents = YES;
				INFOPLIST_KEY_UILaunchStoryboardName = LaunchScreen;
				INFOPLIST_KEY_UIMainStoryboardFile = Main;
				INFOPLIST_KEY_UISupportedInterfaceOrientations_iPad = "UIInterfaceOrientationPortrait UIInterfaceOrientationPortraitUpsideDown UIInterfaceOrientationLandscapeLeft UIInterfaceOrientationLandscapeRight";
				INFOPLIST_KEY_UISupportedInterfaceOrientations_iPhone = "UIInterfaceOrientationPortrait UIInterfaceOrientationLandscapeLeft UIInterfaceOrientationLandscapeRight";
				LD_RUNPATH_SEARCH_PATHS = (
					"$(inherited)",
					"@executable_path/Frameworks",
				);
				MARKETING_VERSION = 1.0;
				PRODUCT_BUNDLE_IDENTIFIER = mendez.developer.Mytvapp;
				PRODUCT_NAME = "$(TARGET_NAME)";
				SWIFT_EMIT_LOC_STRINGS = YES;
				SWIFT_VERSION = 5.0;
				TARGETED_DEVICE_FAMILY = "1,2";
			};
			name = Debug;
		};
		D48261D629520CB700F9DFAA /* Release */ = {
			isa = XCBuildConfiguration;
			baseConfigurationReference = C1171BFE7B29BD67B269D756 /* Pods-Mytvapp.release.xcconfig */;
			buildSettings = {
				ASSETCATALOG_COMPILER_APPICON_NAME = AppIcon;
				ASSETCATALOG_COMPILER_GLOBAL_ACCENT_COLOR_NAME = AccentColor;
				CODE_SIGN_STYLE = Automatic;
				CURRENT_PROJECT_VERSION = 1;
				DEVELOPMENT_TEAM = 297E733UYC;
				GENERATE_INFOPLIST_FILE = YES;
				INFOPLIST_FILE = Mytvapp/Info.plist;
				INFOPLIST_KEY_UIApplicationSupportsIndirectInputEvents = YES;
				INFOPLIST_KEY_UILaunchStoryboardName = LaunchScreen;
				INFOPLIST_KEY_UIMainStoryboardFile = Main;
				INFOPLIST_KEY_UISupportedInterfaceOrientations_iPad = "UIInterfaceOrientationPortrait UIInterfaceOrientationPortraitUpsideDown UIInterfaceOrientationLandscapeLeft UIInterfaceOrientationLandscapeRight";
				INFOPLIST_KEY_UISupportedInterfaceOrientations_iPhone = "UIInterfaceOrientationPortrait UIInterfaceOrientationLandscapeLeft UIInterfaceOrientationLandscapeRight";
				LD_RUNPATH_SEARCH_PATHS = (
					"$(inherited)",
					"@executable_path/Frameworks",
				);
				MARKETING_VERSION = 1.0;
				PRODUCT_BUNDLE_IDENTIFIER = mendez.developer.Mytvapp;
				PRODUCT_NAME = "$(TARGET_NAME)";
				SWIFT_EMIT_LOC_STRINGS = YES;
				SWIFT_VERSION = 5.0;
				TARGETED_DEVICE_FAMILY = "1,2";
			};
			name = Release;
		};
		D48261D829520CB700F9DFAA /* Debug */ = {
			isa = XCBuildConfiguration;
			baseConfigurationReference = 154B02E0D55070C81768D6FA /* Pods-MytvappTests.debug.xcconfig */;
			buildSettings = {
				ALWAYS_EMBED_SWIFT_STANDARD_LIBRARIES = YES;
				BUNDLE_LOADER = "$(TEST_HOST)";
				CODE_SIGN_STYLE = Automatic;
				CURRENT_PROJECT_VERSION = 1;
				DEVELOPMENT_TEAM = 297E733UYC;
				GENERATE_INFOPLIST_FILE = YES;
				IPHONEOS_DEPLOYMENT_TARGET = 15.5;
				MARKETING_VERSION = 1.0;
				PRODUCT_BUNDLE_IDENTIFIER = mendez.developer.MytvappTests;
				PRODUCT_NAME = "$(TARGET_NAME)";
				SWIFT_EMIT_LOC_STRINGS = NO;
				SWIFT_VERSION = 5.0;
				TARGETED_DEVICE_FAMILY = "1,2";
				TEST_HOST = "$(BUILT_PRODUCTS_DIR)/Mytvapp.app/Mytvapp";
			};
			name = Debug;
		};
		D48261D929520CB700F9DFAA /* Release */ = {
			isa = XCBuildConfiguration;
			baseConfigurationReference = 5B83CF18D9A70CB56643373A /* Pods-MytvappTests.release.xcconfig */;
			buildSettings = {
				ALWAYS_EMBED_SWIFT_STANDARD_LIBRARIES = YES;
				BUNDLE_LOADER = "$(TEST_HOST)";
				CODE_SIGN_STYLE = Automatic;
				CURRENT_PROJECT_VERSION = 1;
				DEVELOPMENT_TEAM = 297E733UYC;
				GENERATE_INFOPLIST_FILE = YES;
				IPHONEOS_DEPLOYMENT_TARGET = 15.5;
				MARKETING_VERSION = 1.0;
				PRODUCT_BUNDLE_IDENTIFIER = mendez.developer.MytvappTests;
				PRODUCT_NAME = "$(TARGET_NAME)";
				SWIFT_EMIT_LOC_STRINGS = NO;
				SWIFT_VERSION = 5.0;
				TARGETED_DEVICE_FAMILY = "1,2";
				TEST_HOST = "$(BUILT_PRODUCTS_DIR)/Mytvapp.app/Mytvapp";
			};
			name = Release;
		};
		D48261DB29520CB700F9DFAA /* Debug */ = {
			isa = XCBuildConfiguration;
			baseConfigurationReference = ADFA0886BB018DD0268381B5 /* Pods-Mytvapp-MytvappUITests.debug.xcconfig */;
			buildSettings = {
				ALWAYS_EMBED_SWIFT_STANDARD_LIBRARIES = YES;
				CODE_SIGN_STYLE = Automatic;
				CURRENT_PROJECT_VERSION = 1;
				DEVELOPMENT_TEAM = 297E733UYC;
				GENERATE_INFOPLIST_FILE = YES;
				MARKETING_VERSION = 1.0;
				PRODUCT_BUNDLE_IDENTIFIER = mendez.developer.MytvappUITests;
				PRODUCT_NAME = "$(TARGET_NAME)";
				SWIFT_EMIT_LOC_STRINGS = NO;
				SWIFT_VERSION = 5.0;
				TARGETED_DEVICE_FAMILY = "1,2";
				TEST_TARGET_NAME = Mytvapp;
			};
			name = Debug;
		};
		D48261DC29520CB700F9DFAA /* Release */ = {
			isa = XCBuildConfiguration;
			baseConfigurationReference = 559AA3ACCB7EC8734FD5DE9E /* Pods-Mytvapp-MytvappUITests.release.xcconfig */;
			buildSettings = {
				ALWAYS_EMBED_SWIFT_STANDARD_LIBRARIES = YES;
				CODE_SIGN_STYLE = Automatic;
				CURRENT_PROJECT_VERSION = 1;
				DEVELOPMENT_TEAM = 297E733UYC;
				GENERATE_INFOPLIST_FILE = YES;
				MARKETING_VERSION = 1.0;
				PRODUCT_BUNDLE_IDENTIFIER = mendez.developer.MytvappUITests;
				PRODUCT_NAME = "$(TARGET_NAME)";
				SWIFT_EMIT_LOC_STRINGS = NO;
				SWIFT_VERSION = 5.0;
				TARGETED_DEVICE_FAMILY = "1,2";
				TEST_TARGET_NAME = Mytvapp;
			};
			name = Release;
		};
/* End XCBuildConfiguration section */

/* Begin XCConfigurationList section */
		D48261A529520CB600F9DFAA /* Build configuration list for PBXProject "Mytvapp" */ = {
			isa = XCConfigurationList;
			buildConfigurations = (
				D48261D229520CB700F9DFAA /* Debug */,
				D48261D329520CB700F9DFAA /* Release */,
			);
			defaultConfigurationIsVisible = 0;
			defaultConfigurationName = Release;
		};
		D48261D429520CB700F9DFAA /* Build configuration list for PBXNativeTarget "Mytvapp" */ = {
			isa = XCConfigurationList;
			buildConfigurations = (
				D48261D529520CB700F9DFAA /* Debug */,
				D48261D629520CB700F9DFAA /* Release */,
			);
			defaultConfigurationIsVisible = 0;
			defaultConfigurationName = Release;
		};
		D48261D729520CB700F9DFAA /* Build configuration list for PBXNativeTarget "MytvappTests" */ = {
			isa = XCConfigurationList;
			buildConfigurations = (
				D48261D829520CB700F9DFAA /* Debug */,
				D48261D929520CB700F9DFAA /* Release */,
			);
			defaultConfigurationIsVisible = 0;
			defaultConfigurationName = Release;
		};
		D48261DA29520CB700F9DFAA /* Build configuration list for PBXNativeTarget "MytvappUITests" */ = {
			isa = XCConfigurationList;
			buildConfigurations = (
				D48261DB29520CB700F9DFAA /* Debug */,
				D48261DC29520CB700F9DFAA /* Release */,
			);
			defaultConfigurationIsVisible = 0;
			defaultConfigurationName = Release;
		};
/* End XCConfigurationList section */
	};
	rootObject = D48261A229520CB600F9DFAA /* Project object */;
}
